
Microsoft Visual Studio Solution File, Format Version 12.00
# Visual Studio 14
VisualStudioVersion = 14.0.24720.0
MinimumVisualStudioVersion = 10.0.40219.1
Project("{FAE04EC0-301F-11D3-BF4B-00C04F79EFBC}") = "BO", "BO.csproj", "{34277620-43CF-48E1-AE46-1F57C87B82CF}"
EndProject
Project("{FAE04EC0-301F-11D3-BF4B-00C04F79EFBC}") = "DAL", "..\DAL\DAL.csproj", "{616EFB45-9E41-4592-A9AD-4AE015B2538A}"
EndProject
Project("{FAE04EC0-301F-11D3-BF4B-00C04F79EFBC}") = "WebSport", "..\WebSport\WebSport.csproj", "{98969D31-B3C2-4669-94BD-B255A8EDC46F}"
EndProject
Global
	GlobalSection(SolutionConfigurationPlatforms) = preSolution
		Debug|Any CPU = Debug|Any CPU
		Release|Any CPU = Release|Any CPU
	EndGlobalSection
	GlobalSection(ProjectConfigurationPlatforms) = postSolution
		{34277620-43CF-48E1-AE46-1F57C87B82CF}.Debug|Any CPU.ActiveCfg = Debug|Any CPU
		{34277620-43CF-48E1-AE46-1F57C87B82CF}.Debug|Any CPU.Build.0 = Debug|Any CPU
		{34277620-43CF-48E1-AE46-1F57C87B82CF}.Release|Any CPU.ActiveCfg = Release|Any CPU
		{34277620-43CF-48E1-AE46-1F57C87B82CF}.Release|Any CPU.Build.0 = Release|Any CPU
		{616EFB45-9E41-4592-A9AD-4AE015B2538A}.Debug|Any CPU.ActiveCfg = Debug|Any CPU
		{616EFB45-9E41-4592-A9AD-4AE015B2538A}.Debug|Any CPU.Build.0 = Debug|Any CPU
		{616EFB45-9E41-4592-A9AD-4AE015B2538A}.Release|Any CPU.ActiveCfg = Release|Any CPU
		{616EFB45-9E41-4592-A9AD-4AE015B2538A}.Release|Any CPU.Build.0 = Release|Any CPU
		{98969D31-B3C2-4669-94BD-B255A8EDC46F}.Debug|Any CPU.ActiveCfg = Debug|Any CPU
		{98969D31-B3C2-4669-94BD-B255A8EDC46F}.Debug|Any CPU.Build.0 = Debug|Any CPU
		{98969D31-B3C2-4669-94BD-B255A8EDC46F}.Release|Any CPU.ActiveCfg = Release|Any CPU
		{98969D31-B3C2-4669-94BD-B255A8EDC46F}.Release|Any CPU.Build.0 = Release|Any CPU
	EndGlobalSection
	GlobalSection(SolutionProperties) = preSolution
		HideSolutionNode = FALSE
	EndGlobalSection
EndGlobal
